
Microsoft Visual Studio Solution File, Format Version 12.00
# Visual Studio Version 16
VisualStudioVersion = 16.0.29519.87
MinimumVisualStudioVersion = 10.0.40219.1
Project("{FAE04EC0-301F-11D3-BF4B-00C04F79EFBC}") = "WindowsFormsApp1", "WindowsFormsApp1.csproj", "{E60FE164-48FC-44C2-96AA-F8AC27EDCDC7}"
EndProject
Project("{FAE04EC0-301F-11D3-BF4B-00C04F79EFBC}") = "Calculator", "..\..\inClass\first\Calculator\Calculator.csproj", "{9D5E55F0-8700-4851-A863-BB409BE3F036}"
EndProject
Project("{FAE04EC0-301F-11D3-BF4B-00C04F79EFBC}") = "DTClassLibrary", "..\DTClassLibrary\DTClassLibrary.csproj", "{1A5D414F-B6DC-4252-A812-4D2AE8B45181}"
EndProject
Global
	GlobalSection(SolutionConfigurationPlatforms) = preSolution
		Debug|Any CPU = Debug|Any CPU
		Release|Any CPU = Release|Any CPU
	EndGlobalSection
	GlobalSection(ProjectConfigurationPlatforms) = postSolution
		{E60FE164-48FC-44C2-96AA-F8AC27EDCDC7}.Debug|Any CPU.ActiveCfg = Debug|Any CPU
		{E60FE164-48FC-44C2-96AA-F8AC27EDCDC7}.Debug|Any CPU.Build.0 = Debug|Any CPU
		{E60FE164-48FC-44C2-96AA-F8AC27EDCDC7}.Release|Any CPU.ActiveCfg = Release|Any CPU
		{E60FE164-48FC-44C2-96AA-F8AC27EDCDC7}.Release|Any CPU.Build.0 = Release|Any CPU
		{9D5E55F0-8700-4851-A863-BB409BE3F036}.Debug|Any CPU.ActiveCfg = Debug|Any CPU
		{9D5E55F0-8700-4851-A863-BB409BE3F036}.Debug|Any CPU.Build.0 = Debug|Any CPU
		{9D5E55F0-8700-4851-A863-BB409BE3F036}.Release|Any CPU.ActiveCfg = Release|Any CPU
		{9D5E55F0-8700-4851-A863-BB409BE3F036}.Release|Any CPU.Build.0 = Release|Any CPU
		{1A5D414F-B6DC-4252-A812-4D2AE8B45181}.Debug|Any CPU.ActiveCfg = Debug|Any CPU
		{1A5D414F-B6DC-4252-A812-4D2AE8B45181}.Debug|Any CPU.Build.0 = Debug|Any CPU
		{1A5D414F-B6DC-4252-A812-4D2AE8B45181}.Release|Any CPU.ActiveCfg = Release|Any CPU
		{1A5D414F-B6DC-4252-A812-4D2AE8B45181}.Release|Any CPU.Build.0 = Release|Any CPU
	EndGlobalSection
	GlobalSection(SolutionProperties) = preSolution
		HideSolutionNode = FALSE
	EndGlobalSection
	GlobalSection(ExtensibilityGlobals) = postSolution
		SolutionGuid = {2CCE37B8-B5F5-4A9E-9C1B-F604476BF5E4}
	EndGlobalSection
EndGlobal
